Microsoft Visual Studio Solution File, Format Version 11.00
# Visual Studio 2008

Project("{277B1880-8BB6-FBA9-845A-813795FE8BAA}") = "BT", "Assembly-CSharp-vs.csproj", "{38557E3E-E75D-D50F-C6AB-0FD6CBCA64CB}"
EndProject
Project("{277B1880-8BB6-FBA9-845A-813795FE8BAA}") = "BT", "Assembly-CSharp-Editor-vs.csproj", "{3CC58829-BEE2-7565-FC3C-1CDA91F63FAF}"
EndProject
Global
	GlobalSection(SolutionConfigurationPlatforms) = preSolution
		Debug|Any CPU = Debug|Any CPU
		Release|Any CPU = Release|Any CPU
	EndGlobalSection
	GlobalSection(ProjectConfigurationPlatforms) = postSolution
		{38557E3E-E75D-D50F-C6AB-0FD6CBCA64CB}.Debug|Any CPU.ActiveCfg = Debug|Any CPU
		{38557E3E-E75D-D50F-C6AB-0FD6CBCA64CB}.Debug|Any CPU.Build.0 = Debug|Any CPU
		{38557E3E-E75D-D50F-C6AB-0FD6CBCA64CB}.Release|Any CPU.ActiveCfg = Release|Any CPU
		{38557E3E-E75D-D50F-C6AB-0FD6CBCA64CB}.Release|Any CPU.Build.0 = Release|Any CPU
		{3CC58829-BEE2-7565-FC3C-1CDA91F63FAF}.Debug|Any CPU.ActiveCfg = Debug|Any CPU
		{3CC58829-BEE2-7565-FC3C-1CDA91F63FAF}.Debug|Any CPU.Build.0 = Debug|Any CPU
		{3CC58829-BEE2-7565-FC3C-1CDA91F63FAF}.Release|Any CPU.ActiveCfg = Release|Any CPU
		{3CC58829-BEE2-7565-FC3C-1CDA91F63FAF}.Release|Any CPU.Build.0 = Release|Any CPU
	EndGlobalSection
	GlobalSection(SolutionProperties) = preSolution
		HideSolutionNode = FALSE
	EndGlobalSection
																																																																																			GlobalSection(MonoDevelopProperties) = preSolution
		StartupItem = Assembly-CSharp.csproj
		Policies = $0
		$0.TextStylePolicy = $1
		$1.inheritsSet = null
		$1.scope = text/x-csharp
		$0.CSharpFormattingPolicy = $2
		$2.inheritsSet = Mono
		$2.inheritsScope = text/x-csharp
		$2.scope = text/x-csharp
		$0.TextStylePolicy = $3
		$3.FileWidth = 120
		$3.TabWidth = 4
		$3.EolMarker = Unix
		$3.inheritsSet = Mono
		$3.inheritsScope = text/plain
		$3.scope = text/plain
	EndGlobalSection

EndGlobal
